# This file is automatically @generated by Poetry 2.1.4 and should not be changed by hand.

[[package]]
name = "certifi"
version = "14.05.14"
description = "Python package for providing Mozilla's CA Bundle."
optional = false
python-versions = "*"
groups = ["main"]
files = [
    {file = "certifi-14.05.14.tar.gz", hash = "sha256:1e1bcbacd6357c151ae37cf0290dcc809721d32ce21fd6b7339568f3ddef1b69"},
]

[[package]]
name = "python-dateutil"
version = "2.5.3"
description = "Extensions to the standard Python datetime module"
optional = false
python-versions = "*"
groups = ["main"]
files = [
    {file = "python-dateutil-2.5.3.tar.gz", hash = "sha256:1408fdb07c6a1fa9997567ce3fcee6a337b39a503d80699e0f213de4aa4b32ed"},
    {file = "python-dateutil-2.5.3.zip", hash = "sha256:9d94861f04ce14f9a3d835206067c889b8f1244f1415035dadcf9c10066adf04"},
    {file = "python_dateutil-2.5.3-py2.py3-none-any.whl", hash = "sha256:598499a75be2e5e18a66f12c00dd47a069de24794effeda4228bfc760f44f527"},
]

[package.dependencies]
six = ">=1.5"

[[package]]
name = "six"
version = "1.10.0"
description = "Python 2 and 3 compatibility utilities"
optional = false
python-versions = "*"
groups = ["main"]
files = [
    {file = "six-1.10.0-py2.py3-none-any.whl", hash = "sha256:0ff78c403d9bccf5a425a6d31a12aa6b47f1c21ca4dc2573a7e2f32a97335eb1"},
    {file = "six-1.10.0.tar.gz", hash = "sha256:105f8d68616f8248e24bf0e9372ef04d3cc10104f1980f54d57b2ce73a5ad56a"},
]

[[package]]
name = "urllib3"
version = "1.15.1"
description = "HTTP library with thread-safe connection pooling, file post, and more."
optional = false
python-versions = "*"
groups = ["main"]
files = [
    {file = "urllib3-1.15.1-py2.py3-none-any.whl", hash = "sha256:105b33577a379c1c881821d43b97d1a870f37a8f4904151f56ddeb95b38830ca"},
    {file = "urllib3-1.15.1.tar.gz", hash = "sha256:d0a1dc60433f7e9b90b4f085f1d45753174b4594558b29eda0009abe0b82da4c"},
]

[package.extras]
secure = ["certifi", "ndg-httpsclient ; python_version <= \"2.7\"", "pyOpenSSL (>=0.13) ; python_version <= \"2.7\"", "pyasn1 ; python_version <= \"2.7\""]

[metadata]
lock-version = "2.1"
python-versions = ">=3.9,<4.0"
content-hash = "988660faf235f82948892d8b32dd22eff4951cc759e02750fd5337df64e822ee"
